
Microsoft Visual Studio Solution File, Format Version 12.00
# Visual Studio Version 16
VisualStudioVersion = 16.0.31005.135
MinimumVisualStudioVersion = 10.0.40219.1
Project("{FAE04EC0-301F-11D3-BF4B-00C04F79EFBC}") = "AmongUsModLauncher", "AmongUsModLauncher.csproj", "{8D44EAC3-64C9-4A52-967F-D53AC6B61D39}"
EndProject
Global
	GlobalSection(SolutionConfigurationPlatforms) = preSolution
		Debug|Any CPU = Debug|Any CPU
		LocalDebug|Any CPU = LocalDebug|Any CPU
		Release|Any CPU = Release|Any CPU
	EndGlobalSection
	GlobalSection(ProjectConfigurationPlatforms) = postSolution
		{8D44EAC3-64C9-4A52-967F-D53AC6B61D39}.Debug|Any CPU.ActiveCfg = Debug|Any CPU
		{8D44EAC3-64C9-4A52-967F-D53AC6B61D39}.Debug|Any CPU.Build.0 = Debug|Any CPU
		{8D44EAC3-64C9-4A52-967F-D53AC6B61D39}.LocalDebug|Any CPU.ActiveCfg = LocalDebug|Any CPU
		{8D44EAC3-64C9-4A52-967F-D53AC6B61D39}.LocalDebug|Any CPU.Build.0 = LocalDebug|Any CPU
		{8D44EAC3-64C9-4A52-967F-D53AC6B61D39}.Release|Any CPU.ActiveCfg = Release|Any CPU
		{8D44EAC3-64C9-4A52-967F-D53AC6B61D39}.Release|Any CPU.Build.0 = Release|Any CPU
	EndGlobalSection
	GlobalSection(SolutionProperties) = preSolution
		HideSolutionNode = FALSE
	EndGlobalSection
	GlobalSection(ExtensibilityGlobals) = postSolution
		SolutionGuid = {CC09E8AB-5922-4B0A-AC3D-BA9EA3DD1144}
	EndGlobalSection
EndGlobal
